
Microsoft Visual Studio Solution File, Format Version 12.00
# Visual Studio Version 16
VisualStudioVersion = 16.0.29911.84
MinimumVisualStudioVersion = 10.0.40219.1
Project("{FAE04EC0-301F-11D3-BF4B-00C04F79EFBC}") = "EPAM_ex5", "EPAM_ex5\EPAM_ex5.csproj", "{09C403C0-EA80-4E82-B0B0-228D847DA443}"
EndProject
Global
	GlobalSection(SolutionConfigurationPlatforms) = preSolution
		Debug|Any CPU = Debug|Any CPU
		Release|Any CPU = Release|Any CPU
	EndGlobalSection
	GlobalSection(ProjectConfigurationPlatforms) = postSolution
		{09C403C0-EA80-4E82-B0B0-228D847DA443}.Debug|Any CPU.ActiveCfg = Debug|Any CPU
		{09C403C0-EA80-4E82-B0B0-228D847DA443}.Debug|Any CPU.Build.0 = Debug|Any CPU
		{09C403C0-EA80-4E82-B0B0-228D847DA443}.Release|Any CPU.ActiveCfg = Release|Any CPU
		{09C403C0-EA80-4E82-B0B0-228D847DA443}.Release|Any CPU.Build.0 = Release|Any CPU
	EndGlobalSection
	GlobalSection(SolutionProperties) = preSolution
		HideSolutionNode = FALSE
	EndGlobalSection
	GlobalSection(ExtensibilityGlobals) = postSolution
		SolutionGuid = {99D49D98-FD68-49A8-8AA3-6339E0EF302B}
	EndGlobalSection
EndGlobal
